<?xml version="1.0" encoding="utf-8"?>
<Project ToolsVersion="4.0" xmlns="http://schemas.microsoft.com/developer/msbuild/2003">
  <ItemGroup>
    <ClCompile Include="源.cpp" />
    <ClCompile Include="设计模式\懒汉模式%28线程安全%29.h">
      <Filter>设计模式\00单例模式</Filter>
    </ClCompile>
    <ClCompile Include="设计模式\懒汉模式%28非线程安全%29.h">
      <Filter>设计模式\00单例模式</Filter>
    </ClCompile>
    <ClCompile Include="设计模式\饿汉模式.h">
      <Filter>设计模式\00单例模式</Filter>
    </ClCompile>
    <ClCompile Include="设计模式\简单工厂模式.h">
      <Filter>设计模式\01工厂模式</Filter>
    </ClCompile>
    <ClCompile Include="设计模式\工厂方法模式.h">
      <Filter>设计模式\01工厂模式</Filter>
    </ClCompile>
    <ClCompile Include="设计模式\抽象工厂模式.h">
      <Filter>设计模式\01工厂模式</Filter>
    </ClCompile>
    <ClCompile Include="设计模式\传统策略模式.h">
      <Filter>设计模式\02策略模式</Filter>
    </ClCompile>
    <ClCompile Include="设计模式\函数指针实现策略模式.h">
      <Filter>设计模式\02策略模式</Filter>
    </ClCompile>
    <ClCompile Include="设计模式\观察者模式.h">
      <Filter>设计模式\03观察者模式</Filter>
    </ClCompile>
    <ClCompile Include="设计模式\代理模式.h">
      <Filter>设计模式</Filter>
    </ClCompile>
    <ClCompile Include="设计模式\复合实现适配器模式.h">
      <Filter>设计模式</Filter>
    </ClCompile>
    <ClCompile Include="设计模式\继承实现适配器模式.h">
      <Filter>设计模式</Filter>
    </ClCompile>
    <ClCompile Include="设计模式\模版模式.h">
      <Filter>设计模式</Filter>
    </ClCompile>
    <ClCompile Include="设计模式\桥接模式.h">
      <Filter>设计模式</Filter>
    </ClCompile>
    <ClCompile Include="设计模式\外观模式.h">
      <Filter>设计模式</Filter>
    </ClCompile>
    <ClCompile Include="设计模式\职责链模式.h">
      <Filter>设计模式</Filter>
    </ClCompile>
    <ClCompile Include="设计模式\装饰模式.h">
      <Filter>设计模式</Filter>
    </ClCompile>
  </ItemGroup>
  <ItemGroup>
    <Filter Include="设计模式">
      <UniqueIdentifier>{d6805308-7a39-480c-9d62-0c2de2e601e4}</UniqueIdentifier>
    </Filter>
    <Filter Include="设计模式\01工厂模式">
      <UniqueIdentifier>{7eb7e29e-c014-40de-949e-ac2ec0d78234}</UniqueIdentifier>
    </Filter>
    <Filter Include="设计模式\00单例模式">
      <UniqueIdentifier>{653b5d51-350f-4302-93c2-815f4887d201}</UniqueIdentifier>
    </Filter>
    <Filter Include="设计模式\02策略模式">
      <UniqueIdentifier>{fd02f0d3-2732-40f1-a5ab-dd6dc29438af}</UniqueIdentifier>
    </Filter>
    <Filter Include="设计模式\03观察者模式">
      <UniqueIdentifier>{72c67f44-2804-4077-bcc3-c25efe29dca9}</UniqueIdentifier>
    </Filter>
    <Filter Include="C++基础语法">
      <UniqueIdentifier>{10d6ec08-0216-46fc-8c75-3ba13299bf76}</UniqueIdentifier>
    </Filter>
  </ItemGroup>
  <ItemGroup>
    <ClInclude Include="C++基础语法\重载运算符.h">
      <Filter>C++基础语法</Filter>
    </ClInclude>
  </ItemGroup>
</Project>